
Microsoft Visual Studio Solution File, Format Version 12.00
# Visual Studio Version 17
VisualStudioVersion = 17.0.31903.59
MinimumVisualStudioVersion = 10.0.40219.1
Project("{2150E333-8FDC-42A3-9474-1A3956D46DE8}") = "apps", "apps", "{9E39067B-F479-4DBE-8DF4-1D849761C619}"
EndProject
Project("{2150E333-8FDC-42A3-9474-1A3956D46DE8}") = "api", "api", "{132D582B-3BC7-4B10-A8B4-B1F78BF968E8}"
EndProject
Project("{FAE04EC0-301F-11D3-BF4B-00C04F79EFBC}") = "Api", "apps\api\Api\Api.csproj", "{D88991BD-597C-4E43-BCE5-E75217A3D090}"
EndProject
Global
	GlobalSection(SolutionConfigurationPlatforms) = preSolution
		Debug|Any CPU = Debug|Any CPU
		Release|Any CPU = Release|Any CPU
	EndGlobalSection
	GlobalSection(SolutionProperties) = preSolution
		HideSolutionNode = FALSE
	EndGlobalSection
	GlobalSection(ProjectConfigurationPlatforms) = postSolution
		{D88991BD-597C-4E43-BCE5-E75217A3D090}.Debug|Any CPU.ActiveCfg = Debug|Any CPU
		{D88991BD-597C-4E43-BCE5-E75217A3D090}.Debug|Any CPU.Build.0 = Debug|Any CPU
		{D88991BD-597C-4E43-BCE5-E75217A3D090}.Release|Any CPU.ActiveCfg = Release|Any CPU
		{D88991BD-597C-4E43-BCE5-E75217A3D090}.Release|Any CPU.Build.0 = Release|Any CPU
	EndGlobalSection
	GlobalSection(NestedProjects) = preSolution
		{132D582B-3BC7-4B10-A8B4-B1F78BF968E8} = {9E39067B-F479-4DBE-8DF4-1D849761C619}
		{D88991BD-597C-4E43-BCE5-E75217A3D090} = {132D582B-3BC7-4B10-A8B4-B1F78BF968E8}
	EndGlobalSection
EndGlobal
